
Microsoft Visual Studio Solution File, Format Version 12.00
# Visual Studio Version 17
VisualStudioVersion = 17.0.32014.148
MinimumVisualStudioVersion = 10.0.40219.1
Project("{FAE04EC0-301F-11D3-BF4B-00C04F79EFBC}") = "TET", "TET\TET.csproj", "{252812F0-386E-4412-8C49-011A49974C72}"
EndProject
Global
	GlobalSection(SolutionConfigurationPlatforms) = preSolution
		Debug|Any CPU = Debug|Any CPU
		Release|Any CPU = Release|Any CPU
	EndGlobalSection
	GlobalSection(ProjectConfigurationPlatforms) = postSolution
		{252812F0-386E-4412-8C49-011A49974C72}.Debug|Any CPU.ActiveCfg = Debug|Any CPU
		{252812F0-386E-4412-8C49-011A49974C72}.Debug|Any CPU.Build.0 = Debug|Any CPU
		{252812F0-386E-4412-8C49-011A49974C72}.Release|Any CPU.ActiveCfg = Release|Any CPU
		{252812F0-386E-4412-8C49-011A49974C72}.Release|Any CPU.Build.0 = Release|Any CPU
	EndGlobalSection
	GlobalSection(SolutionProperties) = preSolution
		HideSolutionNode = FALSE
	EndGlobalSection
	GlobalSection(ExtensibilityGlobals) = postSolution
		SolutionGuid = {B422A88C-2698-4185-BFE2-4581611FA724}
	EndGlobalSection
EndGlobal
